
Microsoft Visual Studio Solution File, Format Version 12.00
# Visual Studio Version 17
VisualStudioVersion = 17.7.34003.232
MinimumVisualStudioVersion = 10.0.40219.1
Project("{FAE04EC0-301F-11D3-BF4B-00C04F79EFBC}") = "Compiler Generated Anonymous Types Are Generic", "Compiler Generated Anonymous Types Are Generic\Compiler Generated Anonymous Types Are Generic.csproj", "{56651857-AD45-4F95-9BAA-20235EC13264}"
EndProject
Global
	GlobalSection(SolutionConfigurationPlatforms) = preSolution
		Debug|Any CPU = Debug|Any CPU
		Release|Any CPU = Release|Any CPU
	EndGlobalSection
	GlobalSection(ProjectConfigurationPlatforms) = postSolution
		{56651857-AD45-4F95-9BAA-20235EC13264}.Debug|Any CPU.ActiveCfg = Debug|Any CPU
		{56651857-AD45-4F95-9BAA-20235EC13264}.Debug|Any CPU.Build.0 = Debug|Any CPU
		{56651857-AD45-4F95-9BAA-20235EC13264}.Release|Any CPU.ActiveCfg = Release|Any CPU
		{56651857-AD45-4F95-9BAA-20235EC13264}.Release|Any CPU.Build.0 = Release|Any CPU
	EndGlobalSection
	GlobalSection(SolutionProperties) = preSolution
		HideSolutionNode = FALSE
	EndGlobalSection
	GlobalSection(ExtensibilityGlobals) = postSolution
		SolutionGuid = {03C66C32-87D0-4791-8499-D2ED1239C087}
	EndGlobalSection
EndGlobal
